
Microsoft Visual Studio Solution File, Format Version 12.00
# Visual Studio 15
VisualStudioVersion = 15.0.28010.2016
MinimumVisualStudioVersion = 10.0.40219.1
Project("{8BC9CEB8-8B4A-11D0-8D11-00A0C91BC942}") = "LabWork2", "LabWork2.vcxproj", "{DECE2D34-F9BC-499C-9BB6-88905C3274E4}"
EndProject
Global
	GlobalSection(SolutionConfigurationPlatforms) = preSolution
		Debug|x64 = Debug|x64
		Debug|x86 = Debug|x86
		Release|x64 = Release|x64
		Release|x86 = Release|x86
	EndGlobalSection
	GlobalSection(ProjectConfigurationPlatforms) = postSolution
		{DECE2D34-F9BC-499C-9BB6-88905C3274E4}.Debug|x64.ActiveCfg = Debug|x64
		{DECE2D34-F9BC-499C-9BB6-88905C3274E4}.Debug|x64.Build.0 = Debug|x64
		{DECE2D34-F9BC-499C-9BB6-88905C3274E4}.Debug|x86.ActiveCfg = Debug|Win32
		{DECE2D34-F9BC-499C-9BB6-88905C3274E4}.Debug|x86.Build.0 = Debug|Win32
		{DECE2D34-F9BC-499C-9BB6-88905C3274E4}.Release|x64.ActiveCfg = Release|x64
		{DECE2D34-F9BC-499C-9BB6-88905C3274E4}.Release|x64.Build.0 = Release|x64
		{DECE2D34-F9BC-499C-9BB6-88905C3274E4}.Release|x86.ActiveCfg = Release|Win32
		{DECE2D34-F9BC-499C-9BB6-88905C3274E4}.Release|x86.Build.0 = Release|Win32
	EndGlobalSection
	GlobalSection(SolutionProperties) = preSolution
		HideSolutionNode = FALSE
	EndGlobalSection
	GlobalSection(ExtensibilityGlobals) = postSolution
		SolutionGuid = {93CEBCA2-F735-449C-86FE-6A47F5E4E9E6}
	EndGlobalSection
EndGlobal
