
Microsoft Visual Studio Solution File, Format Version 12.00
# Visual Studio 15
VisualStudioVersion = 15.0.28010.2016
MinimumVisualStudioVersion = 10.0.40219.1
Project("{8BC9CEB8-8B4A-11D0-8D11-00A0C91BC942}") = "LabWork2.Main", "LabWork2.Main\LabWork2.Main.vcxproj", "{5DC46AA7-858D-449F-AC50-81ABC6AEBDFD}"
EndProject
Project("{8BC9CEB8-8B4A-11D0-8D11-00A0C91BC942}") = "LabWork.Lib", "LabWork.Lib\LabWork.Lib.vcxproj", "{035F902C-A242-48B8-8CB0-C689D5BFD76B}"
EndProject
Project("{8BC9CEB8-8B4A-11D0-8D11-00A0C91BC942}") = "LabWork2.Lib.Tests", "LabWork2.Lib.Tests\LabWork2.Lib.Tests.vcxproj", "{21090F11-F214-4172-8D96-66EB849F1BAC}"
EndProject
Global
	GlobalSection(SolutionConfigurationPlatforms) = preSolution
		Debug|x64 = Debug|x64
		Debug|x86 = Debug|x86
		Release|x64 = Release|x64
		Release|x86 = Release|x86
	EndGlobalSection
	GlobalSection(ProjectConfigurationPlatforms) = postSolution
		{5DC46AA7-858D-449F-AC50-81ABC6AEBDFD}.Debug|x64.ActiveCfg = Debug|x64
		{5DC46AA7-858D-449F-AC50-81ABC6AEBDFD}.Debug|x64.Build.0 = Debug|x64
		{5DC46AA7-858D-449F-AC50-81ABC6AEBDFD}.Debug|x86.ActiveCfg = Debug|Win32
		{5DC46AA7-858D-449F-AC50-81ABC6AEBDFD}.Debug|x86.Build.0 = Debug|Win32
		{5DC46AA7-858D-449F-AC50-81ABC6AEBDFD}.Release|x64.ActiveCfg = Release|x64
		{5DC46AA7-858D-449F-AC50-81ABC6AEBDFD}.Release|x64.Build.0 = Release|x64
		{5DC46AA7-858D-449F-AC50-81ABC6AEBDFD}.Release|x86.ActiveCfg = Release|Win32
		{5DC46AA7-858D-449F-AC50-81ABC6AEBDFD}.Release|x86.Build.0 = Release|Win32
		{035F902C-A242-48B8-8CB0-C689D5BFD76B}.Debug|x64.ActiveCfg = Debug|x64
		{035F902C-A242-48B8-8CB0-C689D5BFD76B}.Debug|x64.Build.0 = Debug|x64
		{035F902C-A242-48B8-8CB0-C689D5BFD76B}.Debug|x86.ActiveCfg = Debug|Win32
		{035F902C-A242-48B8-8CB0-C689D5BFD76B}.Debug|x86.Build.0 = Debug|Win32
		{035F902C-A242-48B8-8CB0-C689D5BFD76B}.Release|x64.ActiveCfg = Release|x64
		{035F902C-A242-48B8-8CB0-C689D5BFD76B}.Release|x64.Build.0 = Release|x64
		{035F902C-A242-48B8-8CB0-C689D5BFD76B}.Release|x86.ActiveCfg = Release|Win32
		{035F902C-A242-48B8-8CB0-C689D5BFD76B}.Release|x86.Build.0 = Release|Win32
		{21090F11-F214-4172-8D96-66EB849F1BAC}.Debug|x64.ActiveCfg = Debug|x64
		{21090F11-F214-4172-8D96-66EB849F1BAC}.Debug|x64.Build.0 = Debug|x64
		{21090F11-F214-4172-8D96-66EB849F1BAC}.Debug|x86.ActiveCfg = Debug|Win32
		{21090F11-F214-4172-8D96-66EB849F1BAC}.Debug|x86.Build.0 = Debug|Win32
		{21090F11-F214-4172-8D96-66EB849F1BAC}.Release|x64.ActiveCfg = Release|x64
		{21090F11-F214-4172-8D96-66EB849F1BAC}.Release|x64.Build.0 = Release|x64
		{21090F11-F214-4172-8D96-66EB849F1BAC}.Release|x86.ActiveCfg = Release|Win32
		{21090F11-F214-4172-8D96-66EB849F1BAC}.Release|x86.Build.0 = Release|Win32
	EndGlobalSection
	GlobalSection(SolutionProperties) = preSolution
		HideSolutionNode = FALSE
	EndGlobalSection
	GlobalSection(ExtensibilityGlobals) = postSolution
		SolutionGuid = {A65FA875-6F4A-4EF8-89F2-B8DFA546C9C9}
	EndGlobalSection
EndGlobal
